
Microsoft Visual Studio Solution File, Format Version 12.00
# Visual Studio 14
VisualStudioVersion = 14.0.25123.0
MinimumVisualStudioVersion = 10.0.40219.1
Project("{2150E333-8FDC-42A3-9474-1A3956D46DE8}") = "Config", "Config", "{26EE359E-2896-4B4F-AF99-828CC927209C}"
	ProjectSection(SolutionItems) = preProject
		..\config\appsettings.tests.appveyor.json = ..\config\appsettings.tests.appveyor.json
		..\config\appsettings.tests.json = ..\config\appsettings.tests.json
		..\config\appsettings.tests.local.json = ..\config\appsettings.tests.local.json
		global.json = global.json
	EndProjectSection
EndProject
Project("{8BB2217D-0F2D-49D1-97BC-3654ED321F3B}") = "Soloco.RealTimeWeb.Monitoring", "Soloco.RealTimeWeb.Monitoring\Soloco.RealTimeWeb.Monitoring.xproj", "{53EEF9B5-09B3-49FC-BDD2-92686A60598A}"
EndProject
Project("{8BB2217D-0F2D-49D1-97BC-3654ED321F3B}") = "Soloco.RealTimeWeb.Common", "Soloco.RealTimeWeb.Common\Soloco.RealTimeWeb.Common.xproj", "{D506377C-CC10-4580-AEF1-89B144E26617}"
EndProject
Project("{8BB2217D-0F2D-49D1-97BC-3654ED321F3B}") = "Soloco.RealTimeWeb.Common.Tests", "Soloco.RealTimeWeb.Common.Tests\Soloco.RealTimeWeb.Common.Tests.xproj", "{25EE8BDE-CA7A-48B2-9C70-11A9D2D73871}"
EndProject
Project("{8BB2217D-0F2D-49D1-97BC-3654ED321F3B}") = "Soloco.RealTimeWeb.Membership.Messages", "Soloco.RealTimeWeb.Membership.Messages\Soloco.RealTimeWeb.Membership.Messages.xproj", "{DE21A803-26CD-4505-A3BF-035E485D5D9E}"
EndProject
Project("{8BB2217D-0F2D-49D1-97BC-3654ED321F3B}") = "Soloco.RealTimeWeb.Membership", "Soloco.RealTimeWeb.Membership\Soloco.RealTimeWeb.Membership.xproj", "{527D4FFD-1CFA-4047-B8C6-261875C5DFC2}"
EndProject
Project("{8BB2217D-0F2D-49D1-97BC-3654ED321F3B}") = "Soloco.RealTimeWeb.Membership.Tests", "Soloco.RealTimeWeb.Membership.Tests\Soloco.RealTimeWeb.Membership.Tests.xproj", "{D0BC98B9-B7CD-49D4-8DB7-238E0B558157}"
EndProject
Project("{8BB2217D-0F2D-49D1-97BC-3654ED321F3B}") = "Soloco.RealTimeWeb", "Soloco.RealTimeWeb\Soloco.RealTimeWeb.xproj", "{B5BFCB68-A711-45E0-B75E-C7ABFF5C4EAB}"
EndProject
Project("{8BB2217D-0F2D-49D1-97BC-3654ED321F3B}") = "Soloco.RealTimeWeb.Tests", "Soloco.RealTimeWeb.Tests\Soloco.RealTimeWeb.Tests.xproj", "{36BCB6BF-A4D1-4D20-9554-C84C1CF511DF}"
EndProject
Project("{2150E333-8FDC-42A3-9474-1A3956D46DE8}") = "Membership", "Membership", "{836B3787-4D0F-40D2-85DA-6D3AEC99AACB}"
EndProject
Project("{2150E333-8FDC-42A3-9474-1A3956D46DE8}") = "Operations", "Operations", "{C9C82D00-811E-4E97-8DAA-DA7B063E8DBE}"
EndProject
Project("{2150E333-8FDC-42A3-9474-1A3956D46DE8}") = "VehicleMonitor", "VehicleMonitor", "{34060E59-C712-4399-BA73-4F874EF9F7AE}"
	ProjectSection(SolutionItems) = preProject
		Soloco.RealTimeWeb.Environment\project.json = Soloco.RealTimeWeb.Environment\project.json
		Soloco.RealTimeWeb.Environment\project.lock.json = Soloco.RealTimeWeb.Environment\project.lock.json
	EndProjectSection
EndProject
Project("{8BB2217D-0F2D-49D1-97BC-3654ED321F3B}") = "Soloco.RealTimeWeb.VehicleMonitor", "Soloco.RealTimeWeb.VehicleMonitor\Soloco.RealTimeWeb.VehicleMonitor.xproj", "{F55AE21D-B073-484F-855B-112D549D5CF6}"
EndProject
Project("{8BB2217D-0F2D-49D1-97BC-3654ED321F3B}") = "Soloco.RealTimeWeb.VehicleMonitor.Messages", "Soloco.RealTimeWeb.VehicleMonitor.Messages\Soloco.RealTimeWeb.VehicleMonitor.Messages.xproj", "{95E4FF08-1436-44F7-9E0F-72FF1F195A9C}"
EndProject
Project("{8BB2217D-0F2D-49D1-97BC-3654ED321F3B}") = "Soloco.RealTimeWeb.VehicleMonitor.Service", "Soloco.RealTimeWeb.VehicleMonitor.Service\Soloco.RealTimeWeb.VehicleMonitor.Service.xproj", "{9E4AEA17-7C9D-4B81-965B-AD8990BEA63E}"
EndProject
Project("{8BB2217D-0F2D-49D1-97BC-3654ED321F3B}") = "Soloco.RealTimeWeb.Environment", "Soloco.RealTimeWeb.Environment\Soloco.RealTimeWeb.Environment.xproj", "{350668D7-ED87-4778-B2F4-7B4CBC519CC2}"
EndProject
Global
	GlobalSection(SolutionConfigurationPlatforms) = preSolution
		Debug|Any CPU = Debug|Any CPU
		Release|Any CPU = Release|Any CPU
	EndGlobalSection
	GlobalSection(ProjectConfigurationPlatforms) = postSolution
		{53EEF9B5-09B3-49FC-BDD2-92686A60598A}.Debug|Any CPU.ActiveCfg = Debug|Any CPU
		{53EEF9B5-09B3-49FC-BDD2-92686A60598A}.Debug|Any CPU.Build.0 = Debug|Any CPU
		{53EEF9B5-09B3-49FC-BDD2-92686A60598A}.Release|Any CPU.ActiveCfg = Release|Any CPU
		{53EEF9B5-09B3-49FC-BDD2-92686A60598A}.Release|Any CPU.Build.0 = Release|Any CPU
		{D506377C-CC10-4580-AEF1-89B144E26617}.Debug|Any CPU.ActiveCfg = Debug|Any CPU
		{D506377C-CC10-4580-AEF1-89B144E26617}.Debug|Any CPU.Build.0 = Debug|Any CPU
		{D506377C-CC10-4580-AEF1-89B144E26617}.Release|Any CPU.ActiveCfg = Release|Any CPU
		{D506377C-CC10-4580-AEF1-89B144E26617}.Release|Any CPU.Build.0 = Release|Any CPU
		{25EE8BDE-CA7A-48B2-9C70-11A9D2D73871}.Debug|Any CPU.ActiveCfg = Debug|Any CPU
		{25EE8BDE-CA7A-48B2-9C70-11A9D2D73871}.Debug|Any CPU.Build.0 = Debug|Any CPU
		{25EE8BDE-CA7A-48B2-9C70-11A9D2D73871}.Release|Any CPU.ActiveCfg = Release|Any CPU
		{25EE8BDE-CA7A-48B2-9C70-11A9D2D73871}.Release|Any CPU.Build.0 = Release|Any CPU
		{DE21A803-26CD-4505-A3BF-035E485D5D9E}.Debug|Any CPU.ActiveCfg = Debug|Any CPU
		{DE21A803-26CD-4505-A3BF-035E485D5D9E}.Debug|Any CPU.Build.0 = Debug|Any CPU
		{DE21A803-26CD-4505-A3BF-035E485D5D9E}.Release|Any CPU.ActiveCfg = Release|Any CPU
		{DE21A803-26CD-4505-A3BF-035E485D5D9E}.Release|Any CPU.Build.0 = Release|Any CPU
		{527D4FFD-1CFA-4047-B8C6-261875C5DFC2}.Debug|Any CPU.ActiveCfg = Debug|Any CPU
		{527D4FFD-1CFA-4047-B8C6-261875C5DFC2}.Debug|Any CPU.Build.0 = Debug|Any CPU
		{527D4FFD-1CFA-4047-B8C6-261875C5DFC2}.Release|Any CPU.ActiveCfg = Release|Any CPU
		{527D4FFD-1CFA-4047-B8C6-261875C5DFC2}.Release|Any CPU.Build.0 = Release|Any CPU
		{D0BC98B9-B7CD-49D4-8DB7-238E0B558157}.Debug|Any CPU.ActiveCfg = Debug|Any CPU
		{D0BC98B9-B7CD-49D4-8DB7-238E0B558157}.Debug|Any CPU.Build.0 = Debug|Any CPU
		{D0BC98B9-B7CD-49D4-8DB7-238E0B558157}.Release|Any CPU.ActiveCfg = Release|Any CPU
		{D0BC98B9-B7CD-49D4-8DB7-238E0B558157}.Release|Any CPU.Build.0 = Release|Any CPU
		{B5BFCB68-A711-45E0-B75E-C7ABFF5C4EAB}.Debug|Any CPU.ActiveCfg = Debug|Any CPU
		{B5BFCB68-A711-45E0-B75E-C7ABFF5C4EAB}.Debug|Any CPU.Build.0 = Debug|Any CPU
		{B5BFCB68-A711-45E0-B75E-C7ABFF5C4EAB}.Release|Any CPU.ActiveCfg = Release|Any CPU
		{B5BFCB68-A711-45E0-B75E-C7ABFF5C4EAB}.Release|Any CPU.Build.0 = Release|Any CPU
		{36BCB6BF-A4D1-4D20-9554-C84C1CF511DF}.Debug|Any CPU.ActiveCfg = Debug|Any CPU
		{36BCB6BF-A4D1-4D20-9554-C84C1CF511DF}.Debug|Any CPU.Build.0 = Debug|Any CPU
		{36BCB6BF-A4D1-4D20-9554-C84C1CF511DF}.Release|Any CPU.ActiveCfg = Release|Any CPU
		{36BCB6BF-A4D1-4D20-9554-C84C1CF511DF}.Release|Any CPU.Build.0 = Release|Any CPU
		{F55AE21D-B073-484F-855B-112D549D5CF6}.Debug|Any CPU.ActiveCfg = Debug|Any CPU
		{F55AE21D-B073-484F-855B-112D549D5CF6}.Debug|Any CPU.Build.0 = Debug|Any CPU
		{F55AE21D-B073-484F-855B-112D549D5CF6}.Release|Any CPU.ActiveCfg = Release|Any CPU
		{F55AE21D-B073-484F-855B-112D549D5CF6}.Release|Any CPU.Build.0 = Release|Any CPU
		{95E4FF08-1436-44F7-9E0F-72FF1F195A9C}.Debug|Any CPU.ActiveCfg = Debug|Any CPU
		{95E4FF08-1436-44F7-9E0F-72FF1F195A9C}.Debug|Any CPU.Build.0 = Debug|Any CPU
		{95E4FF08-1436-44F7-9E0F-72FF1F195A9C}.Release|Any CPU.ActiveCfg = Release|Any CPU
		{95E4FF08-1436-44F7-9E0F-72FF1F195A9C}.Release|Any CPU.Build.0 = Release|Any CPU
		{9E4AEA17-7C9D-4B81-965B-AD8990BEA63E}.Debug|Any CPU.ActiveCfg = Debug|Any CPU
		{9E4AEA17-7C9D-4B81-965B-AD8990BEA63E}.Debug|Any CPU.Build.0 = Debug|Any CPU
		{9E4AEA17-7C9D-4B81-965B-AD8990BEA63E}.Release|Any CPU.ActiveCfg = Release|Any CPU
		{9E4AEA17-7C9D-4B81-965B-AD8990BEA63E}.Release|Any CPU.Build.0 = Release|Any CPU
		{350668D7-ED87-4778-B2F4-7B4CBC519CC2}.Debug|Any CPU.ActiveCfg = Debug|Any CPU
		{350668D7-ED87-4778-B2F4-7B4CBC519CC2}.Debug|Any CPU.Build.0 = Debug|Any CPU
		{350668D7-ED87-4778-B2F4-7B4CBC519CC2}.Release|Any CPU.ActiveCfg = Release|Any CPU
		{350668D7-ED87-4778-B2F4-7B4CBC519CC2}.Release|Any CPU.Build.0 = Release|Any CPU
	EndGlobalSection
	GlobalSection(SolutionProperties) = preSolution
		HideSolutionNode = FALSE
	EndGlobalSection
	GlobalSection(NestedProjects) = preSolution
		{53EEF9B5-09B3-49FC-BDD2-92686A60598A} = {C9C82D00-811E-4E97-8DAA-DA7B063E8DBE}
		{DE21A803-26CD-4505-A3BF-035E485D5D9E} = {836B3787-4D0F-40D2-85DA-6D3AEC99AACB}
		{527D4FFD-1CFA-4047-B8C6-261875C5DFC2} = {836B3787-4D0F-40D2-85DA-6D3AEC99AACB}
		{D0BC98B9-B7CD-49D4-8DB7-238E0B558157} = {836B3787-4D0F-40D2-85DA-6D3AEC99AACB}
		{F55AE21D-B073-484F-855B-112D549D5CF6} = {34060E59-C712-4399-BA73-4F874EF9F7AE}
		{95E4FF08-1436-44F7-9E0F-72FF1F195A9C} = {34060E59-C712-4399-BA73-4F874EF9F7AE}
		{9E4AEA17-7C9D-4B81-965B-AD8990BEA63E} = {34060E59-C712-4399-BA73-4F874EF9F7AE}
		{350668D7-ED87-4778-B2F4-7B4CBC519CC2} = {C9C82D00-811E-4E97-8DAA-DA7B063E8DBE}
	EndGlobalSection
EndGlobal
